
Microsoft Visual Studio Solution File, Format Version 12.00
# Visual Studio Version 17
VisualStudioVersion = 17.0.31903.59
MinimumVisualStudioVersion = 10.0.40219.1
Project("{9A19103F-16F7-4668-BE54-9A1E7A4F7556}") = "RiverBooks.Web", "RiverBooks.Web\RiverBooks.Web.csproj", "{5BF96C9B-57F7-4A74-8031-07FDE50AB273}"
EndProject
Project("{9A19103F-16F7-4668-BE54-9A1E7A4F7556}") = "RiverBooks.Books", "RiverBooks.Books\RiverBooks.Books.csproj", "{E00AFEC7-5273-40DF-871D-8F91DCDFF645}"
EndProject
Project("{2150E333-8FDC-42A3-9474-1A3956D46DE8}") = "Solution Items", "Solution Items", "{734C8A1B-E7FA-43E6-AD2D-D776490B2DEB}"
	ProjectSection(SolutionItems) = preProject
		.gitignore = .gitignore
		Directory.Build.props = Directory.Build.props
		.editorconfig = .editorconfig
	EndProjectSection
EndProject
Global
	GlobalSection(SolutionConfigurationPlatforms) = preSolution
		Debug|Any CPU = Debug|Any CPU
		Release|Any CPU = Release|Any CPU
	EndGlobalSection
	GlobalSection(ProjectConfigurationPlatforms) = postSolution
		{5BF96C9B-57F7-4A74-8031-07FDE50AB273}.Debug|Any CPU.ActiveCfg = Debug|Any CPU
		{5BF96C9B-57F7-4A74-8031-07FDE50AB273}.Debug|Any CPU.Build.0 = Debug|Any CPU
		{5BF96C9B-57F7-4A74-8031-07FDE50AB273}.Release|Any CPU.ActiveCfg = Release|Any CPU
		{5BF96C9B-57F7-4A74-8031-07FDE50AB273}.Release|Any CPU.Build.0 = Release|Any CPU
		{E00AFEC7-5273-40DF-871D-8F91DCDFF645}.Debug|Any CPU.ActiveCfg = Debug|Any CPU
		{E00AFEC7-5273-40DF-871D-8F91DCDFF645}.Debug|Any CPU.Build.0 = Debug|Any CPU
		{E00AFEC7-5273-40DF-871D-8F91DCDFF645}.Release|Any CPU.ActiveCfg = Release|Any CPU
		{E00AFEC7-5273-40DF-871D-8F91DCDFF645}.Release|Any CPU.Build.0 = Release|Any CPU
	EndGlobalSection
	GlobalSection(SolutionProperties) = preSolution
		HideSolutionNode = FALSE
	EndGlobalSection
	GlobalSection(ExtensibilityGlobals) = postSolution
		SolutionGuid = {DD551A75-AF41-4A90-876E-DDEB07187437}
	EndGlobalSection
EndGlobal
